
Microsoft Visual Studio Solution File, Format Version 12.00
# Visual Studio Version 17
VisualStudioVersion = 17.9.34616.47
MinimumVisualStudioVersion = 10.0.40219.1
Project("{FAE04EC0-301F-11D3-BF4B-00C04F79EFBC}") = "FormRazor2_2021EM650", "FormRazor2_2021EM650\FormRazor2_2021EM650.csproj", "{7A111D00-D0DD-483F-9946-A36CC56CD694}"
EndProject
Global
	GlobalSection(SolutionConfigurationPlatforms) = preSolution
		Debug|Any CPU = Debug|Any CPU
		Release|Any CPU = Release|Any CPU
	EndGlobalSection
	GlobalSection(ProjectConfigurationPlatforms) = postSolution
		{7A111D00-D0DD-483F-9946-A36CC56CD694}.Debug|Any CPU.ActiveCfg = Debug|Any CPU
		{7A111D00-D0DD-483F-9946-A36CC56CD694}.Debug|Any CPU.Build.0 = Debug|Any CPU
		{7A111D00-D0DD-483F-9946-A36CC56CD694}.Release|Any CPU.ActiveCfg = Release|Any CPU
		{7A111D00-D0DD-483F-9946-A36CC56CD694}.Release|Any CPU.Build.0 = Release|Any CPU
	EndGlobalSection
	GlobalSection(SolutionProperties) = preSolution
		HideSolutionNode = FALSE
	EndGlobalSection
	GlobalSection(ExtensibilityGlobals) = postSolution
		SolutionGuid = {C8415322-8E7C-408D-BFA1-5A4D58FD96AC}
	EndGlobalSection
EndGlobal
